
Microsoft Visual Studio Solution File, Format Version 12.00
# Visual Studio Version 17
VisualStudioVersion = 17.6.33829.357
MinimumVisualStudioVersion = 10.0.40219.1
Project("{8BC9CEB8-8B4A-11D0-8D11-00A0C91BC942}") = "vulkan-trial", "vulkan-trial.vcxproj", "{E2FF44D2-8684-4B4B-AF9F-1A06101DA8C6}"
EndProject
Global
	GlobalSection(SolutionConfigurationPlatforms) = preSolution
		Debug|x64 = Debug|x64
		Debug|x86 = Debug|x86
		Release|x64 = Release|x64
		Release|x86 = Release|x86
	EndGlobalSection
	GlobalSection(ProjectConfigurationPlatforms) = postSolution
		{E2FF44D2-8684-4B4B-AF9F-1A06101DA8C6}.Debug|x64.ActiveCfg = Debug|x64
		{E2FF44D2-8684-4B4B-AF9F-1A06101DA8C6}.Debug|x64.Build.0 = Debug|x64
		{E2FF44D2-8684-4B4B-AF9F-1A06101DA8C6}.Debug|x86.ActiveCfg = Debug|Win32
		{E2FF44D2-8684-4B4B-AF9F-1A06101DA8C6}.Debug|x86.Build.0 = Debug|Win32
		{E2FF44D2-8684-4B4B-AF9F-1A06101DA8C6}.Release|x64.ActiveCfg = Release|x64
		{E2FF44D2-8684-4B4B-AF9F-1A06101DA8C6}.Release|x64.Build.0 = Release|x64
		{E2FF44D2-8684-4B4B-AF9F-1A06101DA8C6}.Release|x86.ActiveCfg = Release|Win32
		{E2FF44D2-8684-4B4B-AF9F-1A06101DA8C6}.Release|x86.Build.0 = Release|Win32
	EndGlobalSection
	GlobalSection(SolutionProperties) = preSolution
		HideSolutionNode = FALSE
	EndGlobalSection
	GlobalSection(ExtensibilityGlobals) = postSolution
		SolutionGuid = {BBD1DA9F-DD06-45CF-B901-F20798FB1756}
	EndGlobalSection
EndGlobal
